
Microsoft Visual Studio Solution File, Format Version 12.00
# Visual Studio Version 16
VisualStudioVersion = 16.0.33801.447
MinimumVisualStudioVersion = 10.0.40219.1
Project("{FAE04EC0-301F-11D3-BF4B-00C04F79EFBC}") = "Cheredova_pr17", "Cheredova_pr17\Cheredova_pr17.csproj", "{BD7D2658-3221-465F-9DA2-58D911CD01EA}"
EndProject
Global
	GlobalSection(SolutionConfigurationPlatforms) = preSolution
		Debug|Any CPU = Debug|Any CPU
		Release|Any CPU = Release|Any CPU
	EndGlobalSection
	GlobalSection(ProjectConfigurationPlatforms) = postSolution
		{BD7D2658-3221-465F-9DA2-58D911CD01EA}.Debug|Any CPU.ActiveCfg = Debug|Any CPU
		{BD7D2658-3221-465F-9DA2-58D911CD01EA}.Debug|Any CPU.Build.0 = Debug|Any CPU
		{BD7D2658-3221-465F-9DA2-58D911CD01EA}.Release|Any CPU.ActiveCfg = Release|Any CPU
		{BD7D2658-3221-465F-9DA2-58D911CD01EA}.Release|Any CPU.Build.0 = Release|Any CPU
	EndGlobalSection
	GlobalSection(SolutionProperties) = preSolution
		HideSolutionNode = FALSE
	EndGlobalSection
	GlobalSection(ExtensibilityGlobals) = postSolution
		SolutionGuid = {15E72963-5CEA-40B8-8F30-E1AE6D38A899}
	EndGlobalSection
EndGlobal
